
Microsoft Visual Studio Solution File, Format Version 12.00
# Visual Studio Version 16
VisualStudioVersion = 16.0.30406.217
MinimumVisualStudioVersion = 10.0.40219.1
Project("{FAE04EC0-301F-11D3-BF4B-00C04F79EFBC}") = "AplikasiLatihanTiga3", "AplikasiLatihanTiga3\AplikasiLatihanTiga3.csproj", "{06B42649-FA43-4C4E-9E4C-F6ED9E4B0730}"
EndProject
Global
	GlobalSection(SolutionConfigurationPlatforms) = preSolution
		Debug|Any CPU = Debug|Any CPU
		Release|Any CPU = Release|Any CPU
	EndGlobalSection
	GlobalSection(ProjectConfigurationPlatforms) = postSolution
		{06B42649-FA43-4C4E-9E4C-F6ED9E4B0730}.Debug|Any CPU.ActiveCfg = Debug|Any CPU
		{06B42649-FA43-4C4E-9E4C-F6ED9E4B0730}.Debug|Any CPU.Build.0 = Debug|Any CPU
		{06B42649-FA43-4C4E-9E4C-F6ED9E4B0730}.Release|Any CPU.ActiveCfg = Release|Any CPU
		{06B42649-FA43-4C4E-9E4C-F6ED9E4B0730}.Release|Any CPU.Build.0 = Release|Any CPU
	EndGlobalSection
	GlobalSection(SolutionProperties) = preSolution
		HideSolutionNode = FALSE
	EndGlobalSection
	GlobalSection(ExtensibilityGlobals) = postSolution
		SolutionGuid = {F6126B13-BEA5-4551-8C8A-9ABB9B7F0C04}
	EndGlobalSection
EndGlobal
